// !$*UTF8*$!
{
	archiveVersion = 1;
	classes = {
	};
	objectVersion = 46;
	objects = {
		FF8EA5E9ABD37A8C893F0AE9 = {
			isa = PBXBuildFile;
			fileRef = 82938A636C1DF9D1631409F7;
		};
		9A7818951B22C19024F5BF71 = {
			isa = PBXBuildFile;
			fileRef = 20F9AB85B103414D988E2650;
		};
		D476EF421674B4E1BC4F9833 = {
			isa = PBXBuildFile;
			fileRef = 32C4FFCDBEFA638D0D37F7ED;
		};
		EB2860BE24B2023C1B425185 = {
			isa = PBXBuildFile;
			fileRef = 34CE96196478989C9D57E11E;
		};
		7EF5988AA0B097387247F25F = {
			isa = PBXBuildFile;
			fileRef = 8A365090EB1FCF68832581D4;
		};
		B96B74E916D28550EE49C0DC = {
			isa = PBXBuildFile;
			fileRef = 3D0089BA4EDFAE7B9C527CD6;
		};
		E97CE2C8F5F17F1F9C306B01 = {
			isa = PBXBuildFile;
			fileRef = 8380F8549DF3E807B200F2C0;
		};
		2748C345CBFF6A24F25D7CE1 = {
			isa = PBXBuildFile;
			fileRef = 0CAF3E0B492869BA4211EBEC;
		};
		64E5E4BD124E66852AD8E0FF = {
			isa = PBXBuildFile;
			fileRef = 21FA2F9446D07084F009E731;
		};
		8F311D43B26CEAB817E46289 = {
			isa = PBXBuildFile;
			fileRef = 38CE11C134AB8520356E3CDE;
		};
		AB9F7B0491B2281FF4BE764F = {
			isa = PBXBuildFile;
			fileRef = 331016FFFB51A82A08D2C20D;
		};
		C5468833BAF304775FC2AAD5 = {
			isa = PBXBuildFile;
			fileRef = 2F748D5D760E994B94EBF6FB;
		};
		DA787A418ADF4C495E40F667 = {
			isa = PBXBuildFile;
			fileRef = 06850EB7D74D4566E7DD830E;
		};
		DDD905662934CBE9C236174C = {
			isa = PBXBuildFile;
			fileRef = 5B11CB9988A34EC3383A9EFD;
		};
		7AA9FB0C0599DC98CC67EC7C = {
			isa = PBXBuildFile;
			fileRef = FD059D9FED7EE6E0655FE16F;
		};
		6E1570C76CA6E8367DE71BD8 = {
			isa = PBXBuildFile;
			fileRef = 980EFBF4DB27A047DF19047C;
		};
		07D266C14865A235A8DD0F13 = {
			isa = PBXBuildFile;
			fileRef = 93492CCDCC10833D4A2AEA29;
		};
		13D201FCEE56912957DC5F12 = {
			isa = PBXBuildFile;
			fileRef = CB6F3B9EC2A9F1AA4D7FF7F7;
		};
		70E1E7BEABC9F3019BAA3781 = {
			isa = PBXBuildFile;
			fileRef = D069E6B0482B7DDE32C0D944;
		};
		082236EA17D81CD3E6B4C9BF = {
			isa = PBXBuildFile;
			fileRef = 20D24F198324A4996F514D25;
		};
		2301B0FE9DB68599E1C1E9A7 = {
			isa = PBXBuildFile;
			fileRef = C0CBD77620F8724A6288E689;
		};
		85D9AF0E86E474F9B512A451 = {
			isa = PBXBuildFile;
			fileRef = AA5415B1A7626EA3F9E5E74F;
		};
		011BDABB59233F871F82D56B = {
			isa = PBXBuildFile;
			fileRef = A465C0EC84B72BA01EC7B211;
		};
		248C4DBE31E8AA7EF34F3F27 = {
			isa = PBXBuildFile;
			fileRef = 9860A6C1CC8BA87D8FCF9EC5;
		};
		47657E46218770A1575ED1A5 = {
			isa = PBXBuildFile;
			fileRef = A408378754F97CF371B3D29D;
		};
		C3FAE4705C8E0CCC53E5CCA9 = {
			isa = PBXBuildFile;
			fileRef = 89ABE190FB4BA6094E78745F;
		};
		77A9EA8EC7BCEA1D58256F69 = {
			isa = PBXBuildFile;
			fileRef = 3383B5F6E5504E01B886D596;
		};
		96EA5DED111653A0E3CB7EC7 = {
			isa = PBXBuildFile;
			fileRef = C8DBC73E42841E808C30E28F;
		};
		0A79E3EC0D941F4F22E70D5E = {
			isa = PBXBuildFile;
			fileRef = 8635CC3AD2AE9A2A0F846A2D;
		};
		C6B1BF1362F49D2C1E685013 = {
			isa = PBXBuildFile;
			fileRef = FBE962BE345FA3F77AFB0FAD;
		};
		CF4105448841163101919000 = {
			isa = PBXBuildFile;
			fileRef = 62AA1B85150154D992B9E533;
		};
		98C23F666063B1363467C2F8 = {
			isa = PBXBuildFile;
			fileRef = CAF3A594BAB4172BC70214F0;
		};
		485A04D48A083494718D11C7 = {
			isa = PBXBuildFile;
			fileRef = 081AA1113CCB3AD532A48831;
		};
		368BE36BB5E9B86C09F9C6C6 = {
			isa = PBXBuildFile;
			fileRef = FC1D02639680F4D6EE367FE9;
		};
		55B7C09FBBE785637292E421 = {
			isa = PBXBuildFile;
			fileRef = F0937DE02C06B3E6D6DBBE2F;
		};
		464DC7ED63852088A9E24D2C = {
			isa = PBXBuildFile;
			fileRef = 8FEE934410F95E0341D9FA45;
		};
		7C77147405CC6F94671CD165 = {
			isa = PBXBuildFile;
			fileRef = C147B325F6EBDFF82F7EF4DB;
		};
		D19A575AF4CFAD04F7AB8293 = {
			isa = PBXBuildFile;
			fileRef = D606510BECE0FAC75E5B2A8F;
		};
		2778C00BA8960CB023357E2B = {
			isa = PBXBuildFile;
			fileRef = 70206D6161809077CF324A83;
		};
		EF44254693DD7744B64C2C61 = {
			isa = PBXBuildFile;
			fileRef = 8C8977C687CD6694527FCD19;
		};
		DC4ECA31C49B1AC3C5C4743C = {
			isa = PBXBuildFile;
			fileRef = 472FCA29564CFA934B6E96E7;
		};
		046504B0D66BF7EC44ED9508 = {
			isa = PBXFileReference;
			lastKnownFileType = file;
			name = "juce_audio_plugin_client";
			path = "/Users/henryneal/Downloads/JUCE/modules/juce_audio_plugin_client";
			sourceTree = "<absolute>";
		};
		047FD11A8BA6421FC22705C4 = {
			isa = PBXFileReference;
			lastKnownFileType = file;
			name = "juce_data_structures";
			path = "/Users/henryneal/Downloads/JUCE/modules/juce_data_structures";
			sourceTree = "<absolute>";
		};
		06850EB7D74D4566E7DD830E = {
			isa = PBXFileReference;
			lastKnownFileType = wrapper.framework;
			name = DiscRecording.framework;
			path = System/Library/Frameworks/DiscRecording.framework;
			sourceTree = SDKROOT;
		};
		081AA1113CCB3AD532A48831 = {
			isa = PBXFileReference;
			lastKnownFileType = sourcecode.cpp.objcpp;
			name = "include_juce_core.mm";
			path = "../../JuceLibraryCode/include_juce_core.mm";
			sourceTree = "SOURCE_ROOT";
		};
		0CAF3E0B492869BA4211EBEC = {
			isa = PBXFileReference;
			lastKnownFileType = wrapper.framework;
			name = Carbon.framework;
			path = System/Library/Frameworks/Carbon.framework;
			sourceTree = SDKROOT;
		};
		0FE8BA4DF7C1BF83CFD6968A = {
			isa = PBXFileReference;
			lastKnownFileType = file;
			name = "juce_events";
			path = "/Users/henryneal/Downloads/JUCE/modules/juce_events";
			sourceTree = "<absolute>";
		};
		0FEF65C50913DF4C45756AD9 = {
			isa = PBXFileReference;
			lastKnownFileType = text.plist.xml;
			name = "Info-AU.plist";
			path = "Info-AU.plist";
			sourceTree = "SOURCE_ROOT";
		};
		1302DA54188F84957C18E1F6 = {
			isa = PBXFileReference;
			lastKnownFileType = file;
			name = "juce_audio_basics";
			path = "/Users/henryneal/Downloads/JUCE/modules/juce_audio_basics";
			sourceTree = "<absolute>";
		};
		17961E513C7B2BFCF47BF39E = {
			isa = PBXFileReference;
			lastKnownFileType = text.plist.xml;
			name = svtFilterPlugin.entitlements;
			path = svtFilterPlugin.entitlements;
			sourceTree = "SOURCE_ROOT";
		};
		20D24F198324A4996F514D25 = {
			isa = PBXFileReference;
			lastKnownFileType = sourcecode.cpp.cpp;
			name = PluginEditor.cpp;
			path = ../../Source/PluginEditor.cpp;
			sourceTree = "SOURCE_ROOT";
		};
		82938A636C1DF9D1631409F7 = {
			isa = PBXFileReference;
			explicitFileType = wrapper.cfbundle;
			includeInIndex = 0;
			path = svtFilterPlugin.vst3;
			sourceTree = "BUILT_PRODUCTS_DIR";
		};
		20F9AB85B103414D988E2650 = {
			isa = PBXFileReference;
			explicitFileType = wrapper.cfbundle;
			includeInIndex = 0;
			path = svtFilterPlugin.component;
			sourceTree = "BUILT_PRODUCTS_DIR";
		};
		21FA2F9446D07084F009E731 = {
			isa = PBXFileReference;
			lastKnownFileType = wrapper.framework;
			name = Cocoa.framework;
			path = System/Library/Frameworks/Cocoa.framework;
			sourceTree = SDKROOT;
		};
		2BAFAEB9620B70AAD4D96531 = {
			isa = PBXFileReference;
			lastKnownFileType = text.plist.xml;
			name = "Info-VST3.plist";
			path = "Info-VST3.plist";
			sourceTree = "SOURCE_ROOT";
		};
		2F748D5D760E994B94EBF6FB = {
			isa = PBXFileReference;
			lastKnownFileType = wrapper.framework;
			name = CoreMIDI.framework;
			path = System/Library/Frameworks/CoreMIDI.framework;
			sourceTree = SDKROOT;
		};
		32C4FFCDBEFA638D0D37F7ED = {
			isa = PBXFileReference;
			explicitFileType = wrapper.application;
			includeInIndex = 0;
			path = svtFilterPlugin.app;
			sourceTree = "BUILT_PRODUCTS_DIR";
		};
		331016FFFB51A82A08D2C20D = {
			isa = PBXFileReference;
			lastKnownFileType = wrapper.framework;
			name = CoreAudioKit.framework;
			path = System/Library/Frameworks/CoreAudioKit.framework;
			sourceTree = SDKROOT;
		};
		3383B5F6E5504E01B886D596 = {
			isa = PBXFileReference;
			lastKnownFileType = sourcecode.cpp.cpp;
			name = "include_juce_audio_plugin_client_Standalone.cpp";
			path = "../../JuceLibraryCode/include_juce_audio_plugin_client_Standalone.cpp";
			sourceTree = "SOURCE_ROOT";
		};
		34CE96196478989C9D57E11E = {
			isa = PBXFileReference;
			explicitFileType = archive.ar;
			includeInIndex = 0;
			path = libsvtFilterPlugin.a;
			sourceTree = "BUILT_PRODUCTS_DIR";
		};
		38CE11C134AB8520356E3CDE = {
			isa = PBXFileReference;
			lastKnownFileType = wrapper.framework;
			name = CoreAudio.framework;
			path = System/Library/Frameworks/CoreAudio.framework;
			sourceTree = SDKROOT;
		};
		3D0089BA4EDFAE7B9C527CD6 = {
			isa = PBXFileReference;
			lastKnownFileType = wrapper.framework;
			name = AudioToolbox.framework;
			path = System/Library/Frameworks/AudioToolbox.framework;
			sourceTree = SDKROOT;
		};
		472FCA29564CFA934B6E96E7 = {
			isa = PBXFileReference;
			lastKnownFileType = sourcecode.cpp.objcpp;
			name = "include_juce_opengl.mm";
			path = "../../JuceLibraryCode/include_juce_opengl.mm";
			sourceTree = "SOURCE_ROOT";
		};
		5B11CB9988A34EC3383A9EFD = {
			isa = PBXFileReference;
			lastKnownFileType = wrapper.framework;
			name = IOKit.framework;
			path = System/Library/Frameworks/IOKit.framework;
			sourceTree = SDKROOT;
		};
		6218AB11ED6EFA4B677AEE67 = {
			isa = PBXFileReference;
			lastKnownFileType = sourcecode.c.h;
			name = PluginEditor.h;
			path = ../../Source/PluginEditor.h;
			sourceTree = "SOURCE_ROOT";
		};
		62AA1B85150154D992B9E533 = {
			isa = PBXFileReference;
			lastKnownFileType = sourcecode.cpp.objcpp;
			name = "include_juce_audio_processors.mm";
			path = "../../JuceLibraryCode/include_juce_audio_processors.mm";
			sourceTree = "SOURCE_ROOT";
		};
		69B1D38096020BB8EEFE3494 = {
			isa = PBXFileReference;
			lastKnownFileType = file;
			name = "juce_core";
			path = "/Users/henryneal/Downloads/JUCE/modules/juce_core";
			sourceTree = "<absolute>";
		};
		6CE1BC0305511495297599D0 = {
			isa = PBXFileReference;
			lastKnownFileType = sourcecode.c.h;
			name = AppConfig.h;
			path = ../../JuceLibraryCode/AppConfig.h;
			sourceTree = "SOURCE_ROOT";
		};
		70206D6161809077CF324A83 = {
			isa = PBXFileReference;
			lastKnownFileType = sourcecode.cpp.objcpp;
			name = "include_juce_gui_basics.mm";
			path = "../../JuceLibraryCode/include_juce_gui_basics.mm";
			sourceTree = "SOURCE_ROOT";
		};
		73906752CF848188F3571406 = {
			isa = PBXFileReference;
			lastKnownFileType = file;
			name = "juce_cryptography";
			path = "/Users/henryneal/Downloads/JUCE/modules/juce_cryptography";
			sourceTree = "<absolute>";
		};
		7C49D88ADB96FB0D05BD401C = {
			isa = PBXFileReference;
			lastKnownFileType = file;
			name = "juce_graphics";
			path = "/Users/henryneal/Downloads/JUCE/modules/juce_graphics";
			sourceTree = "<absolute>";
		};
		8380F8549DF3E807B200F2C0 = {
			isa = PBXFileReference;
			lastKnownFileType = wrapper.framework;
			name = AudioUnit.framework;
			path = System/Library/Frameworks/AudioUnit.framework;
			sourceTree = SDKROOT;
		};
		8635CC3AD2AE9A2A0F846A2D = {
			isa = PBXFileReference;
			lastKnownFileType = sourcecode.cpp.objcpp;
			name = "include_juce_audio_plugin_client_VST_utils.mm";
			path = "../../JuceLibraryCode/include_juce_audio_plugin_client_VST_utils.mm";
			sourceTree = "SOURCE_ROOT";
		};
		89ABE190FB4BA6094E78745F = {
			isa = PBXFileReference;
			lastKnownFileType = sourcecode.cpp.objcpp;
			name = "include_juce_audio_plugin_client_AU_2.mm";
			path = "../../JuceLibraryCode/include_juce_audio_plugin_client_AU_2.mm";
			sourceTree = "SOURCE_ROOT";
		};
		8A365090EB1FCF68832581D4 = {
			isa = PBXFileReference;
			lastKnownFileType = wrapper.framework;
			name = Accelerate.framework;
			path = System/Library/Frameworks/Accelerate.framework;
			sourceTree = SDKROOT;
		};
		8BDAE3C805FCD0A4EA4C2CD8 = {
			isa = PBXFileReference;
			lastKnownFileType = sourcecode.c.h;
			name = PluginProcessor.h;
			path = ../../Source/PluginProcessor.h;
			sourceTree = "SOURCE_ROOT";
		};
		8C8977C687CD6694527FCD19 = {
			isa = PBXFileReference;
			lastKnownFileType = sourcecode.cpp.objcpp;
			name = "include_juce_gui_extra.mm";
			path = "../../JuceLibraryCode/include_juce_gui_extra.mm";
			sourceTree = "SOURCE_ROOT";
		};
		8FEE934410F95E0341D9FA45 = {
			isa = PBXFileReference;
			lastKnownFileType = sourcecode.cpp.objcpp;
			name = "include_juce_dsp.mm";
			path = "../../JuceLibraryCode/include_juce_dsp.mm";
			sourceTree = "SOURCE_ROOT";
		};
		93492CCDCC10833D4A2AEA29 = {
			isa = PBXFileReference;
			lastKnownFileType = wrapper.framework;
			name = WebKit.framework;
			path = System/Library/Frameworks/WebKit.framework;
			sourceTree = SDKROOT;
		};
		980EFBF4DB27A047DF19047C = {
			isa = PBXFileReference;
			lastKnownFileType = wrapper.framework;
			name = QuartzCore.framework;
			path = System/Library/Frameworks/QuartzCore.framework;
			sourceTree = SDKROOT;
		};
		9860A6C1CC8BA87D8FCF9EC5 = {
			isa = PBXFileReference;
			lastKnownFileType = file.r;
			name = "include_juce_audio_plugin_client_AU.r";
			path = "../../JuceLibraryCode/include_juce_audio_plugin_client_AU.r";
			sourceTree = "SOURCE_ROOT";
		};
		9966D875BC4884503A81C952 = {
			isa = PBXFileReference;
			lastKnownFileType = file;
			name = "juce_audio_utils";
			path = "/Users/henryneal/Downloads/JUCE/modules/juce_audio_utils";
			sourceTree = "<absolute>";
		};
		A408378754F97CF371B3D29D = {
			isa = PBXFileReference;
			lastKnownFileType = sourcecode.cpp.objcpp;
			name = "include_juce_audio_plugin_client_AU_1.mm";
			path = "../../JuceLibraryCode/include_juce_audio_plugin_client_AU_1.mm";
			sourceTree = "SOURCE_ROOT";
		};
		A465C0EC84B72BA01EC7B211 = {
			isa = PBXFileReference;
			lastKnownFileType = sourcecode.cpp.objcpp;
			name = "include_juce_audio_formats.mm";
			path = "../../JuceLibraryCode/include_juce_audio_formats.mm";
			sourceTree = "SOURCE_ROOT";
		};
		A6A2A8F2F43B699C46AE79C1 = {
			isa = PBXFileReference;
			lastKnownFileType = file;
			name = "juce_audio_processors";
			path = "/Users/henryneal/Downloads/JUCE/modules/juce_audio_processors";
			sourceTree = "<absolute>";
		};
		AA5415B1A7626EA3F9E5E74F = {
			isa = PBXFileReference;
			lastKnownFileType = sourcecode.cpp.objcpp;
			name = "include_juce_audio_devices.mm";
			path = "../../JuceLibraryCode/include_juce_audio_devices.mm";
			sourceTree = "SOURCE_ROOT";
		};
		ACB1E31F2F617D982BFB3D08 = {
			isa = PBXFileReference;
			lastKnownFileType = sourcecode.c.h;
			name = JuceHeader.h;
			path = ../../JuceLibraryCode/JuceHeader.h;
			sourceTree = "SOURCE_ROOT";
		};
		B300AC57DCD97924FF59AB42 = {
			isa = PBXFileReference;
			lastKnownFileType = text.plist.xml;
			name = "Info-Standalone_Plugin.plist";
			path = "Info-Standalone_Plugin.plist";
			sourceTree = "SOURCE_ROOT";
		};
		B4B2CB14D4A56338548274C9 = {
			isa = PBXFileReference;
			lastKnownFileType = file;
			name = "juce_audio_formats";
			path = "/Users/henryneal/Downloads/JUCE/modules/juce_audio_formats";
			sourceTree = "<absolute>";
		};
		B6CF3EF19EB6FB21F7B88302 = {
			isa = PBXFileReference;
			lastKnownFileType = file;
			name = "juce_gui_extra";
			path = "/Users/henryneal/Downloads/JUCE/modules/juce_gui_extra";
			sourceTree = "<absolute>";
		};
		C0CBD77620F8724A6288E689 = {
			isa = PBXFileReference;
			lastKnownFileType = sourcecode.cpp.objcpp;
			name = "include_juce_audio_basics.mm";
			path = "../../JuceLibraryCode/include_juce_audio_basics.mm";
			sourceTree = "SOURCE_ROOT";
		};
		C147B325F6EBDFF82F7EF4DB = {
			isa = PBXFileReference;
			lastKnownFileType = sourcecode.cpp.objcpp;
			name = "include_juce_events.mm";
			path = "../../JuceLibraryCode/include_juce_events.mm";
			sourceTree = "SOURCE_ROOT";
		};
		C8DBC73E42841E808C30E28F = {
			isa = PBXFileReference;
			lastKnownFileType = sourcecode.cpp.cpp;
			name = "include_juce_audio_plugin_client_utils.cpp";
			path = "../../JuceLibraryCode/include_juce_audio_plugin_client_utils.cpp";
			sourceTree = "SOURCE_ROOT";
		};
		CA94E9DA6E7EEF31DC5FAF03 = {
			isa = PBXFileReference;
			lastKnownFileType = file;
			name = "juce_gui_basics";
			path = "/Users/henryneal/Downloads/JUCE/modules/juce_gui_basics";
			sourceTree = "<absolute>";
		};
		CAF3A594BAB4172BC70214F0 = {
			isa = PBXFileReference;
			lastKnownFileType = sourcecode.cpp.objcpp;
			name = "include_juce_audio_utils.mm";
			path = "../../JuceLibraryCode/include_juce_audio_utils.mm";
			sourceTree = "SOURCE_ROOT";
		};
		CB6F3B9EC2A9F1AA4D7FF7F7 = {
			isa = PBXFileReference;
			lastKnownFileType = file.nib;
			name = RecentFilesMenuTemplate.nib;
			path = RecentFilesMenuTemplate.nib;
			sourceTree = "SOURCE_ROOT";
		};
		D069E6B0482B7DDE32C0D944 = {
			isa = PBXFileReference;
			lastKnownFileType = sourcecode.cpp.cpp;
			name = PluginProcessor.cpp;
			path = ../../Source/PluginProcessor.cpp;
			sourceTree = "SOURCE_ROOT";
		};
		D339FD1DC8C147F8D67FAB26 = {
			isa = PBXFileReference;
			lastKnownFileType = file;
			name = "juce_audio_devices";
			path = "/Users/henryneal/Downloads/JUCE/modules/juce_audio_devices";
			sourceTree = "<absolute>";
		};
		D606510BECE0FAC75E5B2A8F = {
			isa = PBXFileReference;
			lastKnownFileType = sourcecode.cpp.objcpp;
			name = "include_juce_graphics.mm";
			path = "../../JuceLibraryCode/include_juce_graphics.mm";
			sourceTree = "SOURCE_ROOT";
		};
		EAA343A270D64DEE78B3EB18 = {
			isa = PBXFileReference;
			lastKnownFileType = file;
			name = "juce_dsp";
			path = "/Users/henryneal/Downloads/JUCE/modules/juce_dsp";
			sourceTree = "<absolute>";
		};
		F0937DE02C06B3E6D6DBBE2F = {
			isa = PBXFileReference;
			lastKnownFileType = sourcecode.cpp.objcpp;
			name = "include_juce_data_structures.mm";
			path = "../../JuceLibraryCode/include_juce_data_structures.mm";
			sourceTree = "SOURCE_ROOT";
		};
		FB09F91F6B1C30974BB43053 = {
			isa = PBXFileReference;
			lastKnownFileType = file;
			name = "juce_opengl";
			path = "/Users/henryneal/Downloads/JUCE/modules/juce_opengl";
			sourceTree = "<absolute>";
		};
		FBE962BE345FA3F77AFB0FAD = {
			isa = PBXFileReference;
			lastKnownFileType = sourcecode.cpp.cpp;
			name = "include_juce_audio_plugin_client_VST3.cpp";
			path = "../../JuceLibraryCode/include_juce_audio_plugin_client_VST3.cpp";
			sourceTree = "SOURCE_ROOT";
		};
		FC1D02639680F4D6EE367FE9 = {
			isa = PBXFileReference;
			lastKnownFileType = sourcecode.cpp.objcpp;
			name = "include_juce_cryptography.mm";
			path = "../../JuceLibraryCode/include_juce_cryptography.mm";
			sourceTree = "SOURCE_ROOT";
		};
		FD059D9FED7EE6E0655FE16F = {
			isa = PBXFileReference;
			lastKnownFileType = wrapper.framework;
			name = OpenGL.framework;
			path = System/Library/Frameworks/OpenGL.framework;
			sourceTree = SDKROOT;
		};
		D9D739F1844E7E2539361FD5 = {
			isa = PBXGroup;
			children = (
				D069E6B0482B7DDE32C0D944,
				8BDAE3C805FCD0A4EA4C2CD8,
				20D24F198324A4996F514D25,
				6218AB11ED6EFA4B677AEE67,
			);
			name = Source;
			sourceTree = "<group>";
		};
		0F1540805824CD89237D2881 = {
			isa = PBXGroup;
			children = (
				D9D739F1844E7E2539361FD5,
			);
			name = svtFilterPlugin;
			sourceTree = "<group>";
		};
		889CD913ECC092CEE4798654 = {
			isa = PBXGroup;
			children = (
				1302DA54188F84957C18E1F6,
				D339FD1DC8C147F8D67FAB26,
				B4B2CB14D4A56338548274C9,
				046504B0D66BF7EC44ED9508,
				A6A2A8F2F43B699C46AE79C1,
				9966D875BC4884503A81C952,
				69B1D38096020BB8EEFE3494,
				73906752CF848188F3571406,
				047FD11A8BA6421FC22705C4,
				EAA343A270D64DEE78B3EB18,
				0FE8BA4DF7C1BF83CFD6968A,
				7C49D88ADB96FB0D05BD401C,
				CA94E9DA6E7EEF31DC5FAF03,
				B6CF3EF19EB6FB21F7B88302,
				FB09F91F6B1C30974BB43053,
			);
			name = "JUCE Modules";
			sourceTree = "<group>";
		};
		583B82467FA6403EC366DD9F = {
			isa = PBXGroup;
			children = (
				6CE1BC0305511495297599D0,
				C0CBD77620F8724A6288E689,
				AA5415B1A7626EA3F9E5E74F,
				A465C0EC84B72BA01EC7B211,
				9860A6C1CC8BA87D8FCF9EC5,
				A408378754F97CF371B3D29D,
				89ABE190FB4BA6094E78745F,
				3383B5F6E5504E01B886D596,
				C8DBC73E42841E808C30E28F,
				8635CC3AD2AE9A2A0F846A2D,
				FBE962BE345FA3F77AFB0FAD,
				62AA1B85150154D992B9E533,
				CAF3A594BAB4172BC70214F0,
				081AA1113CCB3AD532A48831,
				FC1D02639680F4D6EE367FE9,
				F0937DE02C06B3E6D6DBBE2F,
				8FEE934410F95E0341D9FA45,
				C147B325F6EBDFF82F7EF4DB,
				D606510BECE0FAC75E5B2A8F,
				70206D6161809077CF324A83,
				8C8977C687CD6694527FCD19,
				472FCA29564CFA934B6E96E7,
				ACB1E31F2F617D982BFB3D08,
			);
			name = "JUCE Library Code";
			sourceTree = "<group>";
		};
		7D10AC3255E1A05C20DDF3DA = {
			isa = PBXGroup;
			children = (
				2BAFAEB9620B70AAD4D96531,
				0FEF65C50913DF4C45756AD9,
				B300AC57DCD97924FF59AB42,
				CB6F3B9EC2A9F1AA4D7FF7F7,
			);
			name = Resources;
			sourceTree = "<group>";
		};
		6DCBB3E5BDF24FE35754AE9A = {
			isa = PBXGroup;
			children = (
				8A365090EB1FCF68832581D4,
				3D0089BA4EDFAE7B9C527CD6,
				8380F8549DF3E807B200F2C0,
				0CAF3E0B492869BA4211EBEC,
				21FA2F9446D07084F009E731,
				38CE11C134AB8520356E3CDE,
				331016FFFB51A82A08D2C20D,
				2F748D5D760E994B94EBF6FB,
				06850EB7D74D4566E7DD830E,
				5B11CB9988A34EC3383A9EFD,
				FD059D9FED7EE6E0655FE16F,
				980EFBF4DB27A047DF19047C,
				93492CCDCC10833D4A2AEA29,
			);
			name = Frameworks;
			sourceTree = "<group>";
		};
		961710371636F2A5377C7EFC = {
			isa = PBXGroup;
			children = (
				82938A636C1DF9D1631409F7,
				20F9AB85B103414D988E2650,
				32C4FFCDBEFA638D0D37F7ED,
				34CE96196478989C9D57E11E,
			);
			name = Products;
			sourceTree = "<group>";
		};
		D938EEA6C88976BDD1807E70 = {
			isa = PBXGroup;
			children = (
				17961E513C7B2BFCF47BF39E,
				0F1540805824CD89237D2881,
				889CD913ECC092CEE4798654,
				583B82467FA6403EC366DD9F,
				7D10AC3255E1A05C20DDF3DA,
				6DCBB3E5BDF24FE35754AE9A,
				961710371636F2A5377C7EFC,
			);
			name = Source;
			sourceTree = "<group>";
		};
		E1FFEB11E7A78278A554406D = {
			isa = XCBuildConfiguration;
			buildSettings = {
				MACOSX_DEPLOYMENT_TARGET = 10.11;
			};
			name = Debug;
		};
		5798B4D31A098FB926C15E90 = {
			isa = XCBuildConfiguration;
			buildSettings = {
				MACOSX_DEPLOYMENT_TARGET = 10.11;
			};
			name = Release;
		};
		E645031A36E4752FBF149E11 = {
			isa = XCBuildConfiguration;
			buildSettings = {
				CLANG_CXX_LANGUAGE_STANDARD = "c++14";
				CLANG_CXX_LIBRARY = "libc++";
				CLANG_LINK_OBJC_RUNTIME = NO;
				COMBINE_HIDPI_IMAGES = YES;
				CONFIGURATION_BUILD_DIR = "$(PROJECT_DIR)/build/$(CONFIGURATION)";
				COPY_PHASE_STRIP = NO;
				DEPLOYMENT_LOCATION = YES;
				DSTROOT = /;
				GCC_DYNAMIC_NO_PIC = NO;
				GCC_OPTIMIZATION_LEVEL = 0;
				GCC_PREPROCESSOR_DEFINITIONS = (
					"_DEBUG=1",
					"DEBUG=1",
					"JUCER_XCODE_MAC_F6D2F4CF=1",
					"JUCE_APP_VERSION=1.0.0",
					"JUCE_APP_VERSION_HEX=0x10000",
					"JucePlugin_Build_VST=0",
					"JucePlugin_Build_VST3=1",
					"JucePlugin_Build_AU=0",
					"JucePlugin_Build_AUv3=0",
					"JucePlugin_Build_RTAS=0",
					"JucePlugin_Build_AAX=0",
					"JucePlugin_Build_Standalone=0",
					"JucePlugin_Build_Unity=0",
				);
				GCC_VERSION = com.apple.compilers.llvm.clang.1_0;
				GENERATE_PKGINFO_FILE = YES;
				HEADER_SEARCH_PATHS = (
					"/Users/henryneal/Downloads/JUCE/modules/juce_audio_processors/format_types/VST3_SDK",
					"../../JuceLibraryCode",
					"/Users/henryneal/Downloads/JUCE/modules",
					"/Users/henryneal/Downloads/JUCE/modules/juce_audio_plugin_client",
					"$(inherited)",
				);
				INFOPLIST_FILE = Info-VST3.plist;
				INFOPLIST_PREPROCESS = NO;
				INSTALL_PATH = "$(HOME)/Library/Audio/Plug-Ins/VST3/";
				LIBRARY_STYLE = Bundle;
				MACOSX_DEPLOYMENT_TARGET = 10.11;
				OTHER_LDFLAGS = "-bundle -lsvtFilterPlugin";
				PRODUCT_BUNDLE_IDENTIFIER = com.yourcompany.svtFilterPlugin;
				PRODUCT_NAME = "svtFilterPlugin";
				USE_HEADERMAP = NO;
				WRAPPER_EXTENSION = vst3;
			};
			name = Debug;
		};
		76D79BD42727EC5033982161 = {
			isa = XCBuildConfiguration;
			buildSettings = {
				CLANG_CXX_LANGUAGE_STANDARD = "c++14";
				CLANG_CXX_LIBRARY = "libc++";
				CLANG_LINK_OBJC_RUNTIME = NO;
				COMBINE_HIDPI_IMAGES = YES;
				CONFIGURATION_BUILD_DIR = "$(PROJECT_DIR)/build/$(CONFIGURATION)";
				DEAD_CODE_STRIPPING = YES;
				DEPLOYMENT_LOCATION = YES;
				DSTROOT = /;
				GCC_GENERATE_DEBUGGING_SYMBOLS = NO;
				GCC_OPTIMIZATION_LEVEL = 3;
				GCC_PREPROCESSOR_DEFINITIONS = (
					"_NDEBUG=1",
					"NDEBUG=1",
					"JUCER_XCODE_MAC_F6D2F4CF=1",
					"JUCE_APP_VERSION=1.0.0",
					"JUCE_APP_VERSION_HEX=0x10000",
					"JucePlugin_Build_VST=0",
					"JucePlugin_Build_VST3=1",
					"JucePlugin_Build_AU=0",
					"JucePlugin_Build_AUv3=0",
					"JucePlugin_Build_RTAS=0",
					"JucePlugin_Build_AAX=0",
					"JucePlugin_Build_Standalone=0",
					"JucePlugin_Build_Unity=0",
				);
				GCC_SYMBOLS_PRIVATE_EXTERN = YES;
				GCC_VERSION = com.apple.compilers.llvm.clang.1_0;
				GENERATE_PKGINFO_FILE = YES;
				HEADER_SEARCH_PATHS = (
					"/Users/henryneal/Downloads/JUCE/modules/juce_audio_processors/format_types/VST3_SDK",
					"../../JuceLibraryCode",
					"/Users/henryneal/Downloads/JUCE/modules",
					"/Users/henryneal/Downloads/JUCE/modules/juce_audio_plugin_client",
					"$(inherited)",
				);
				INFOPLIST_FILE = Info-VST3.plist;
				INFOPLIST_PREPROCESS = NO;
				INSTALL_PATH = "$(HOME)/Library/Audio/Plug-Ins/VST3/";
				LIBRARY_STYLE = Bundle;
				LLVM_LTO = YES;
				MACOSX_DEPLOYMENT_TARGET = 10.11;
				OTHER_LDFLAGS = "-bundle -lsvtFilterPlugin";
				PRODUCT_BUNDLE_IDENTIFIER = com.yourcompany.svtFilterPlugin;
				PRODUCT_NAME = "svtFilterPlugin";
				USE_HEADERMAP = NO;
				WRAPPER_EXTENSION = vst3;
			};
			name = Release;
		};
		BF8F365E7A50078D23C06299 = {
			isa = XCBuildConfiguration;
			buildSettings = {
				CLANG_CXX_LANGUAGE_STANDARD = "c++14";
				CLANG_CXX_LIBRARY = "libc++";
				CLANG_LINK_OBJC_RUNTIME = NO;
				COMBINE_HIDPI_IMAGES = YES;
				CONFIGURATION_BUILD_DIR = "$(PROJECT_DIR)/build/$(CONFIGURATION)";
				COPY_PHASE_STRIP = NO;
				DEPLOYMENT_LOCATION = YES;
				DSTROOT = /;
				GCC_DYNAMIC_NO_PIC = NO;
				GCC_OPTIMIZATION_LEVEL = 0;
				GCC_PREPROCESSOR_DEFINITIONS = (
					"_DEBUG=1",
					"DEBUG=1",
					"JUCER_XCODE_MAC_F6D2F4CF=1",
					"JUCE_APP_VERSION=1.0.0",
					"JUCE_APP_VERSION_HEX=0x10000",
					"JucePlugin_Build_VST=0",
					"JucePlugin_Build_VST3=0",
					"JucePlugin_Build_AU=1",
					"JucePlugin_Build_AUv3=0",
					"JucePlugin_Build_RTAS=0",
					"JucePlugin_Build_AAX=0",
					"JucePlugin_Build_Standalone=0",
					"JucePlugin_Build_Unity=0",
				);
				GCC_VERSION = com.apple.compilers.llvm.clang.1_0;
				GENERATE_PKGINFO_FILE = YES;
				HEADER_SEARCH_PATHS = (
					"/Users/henryneal/Downloads/JUCE/modules/juce_audio_processors/format_types/VST3_SDK",
					"../../JuceLibraryCode",
					"/Users/henryneal/Downloads/JUCE/modules",
					"/Users/henryneal/Downloads/JUCE/modules/juce_audio_plugin_client",
					"$(inherited)",
				);
				INFOPLIST_FILE = Info-AU.plist;
				INFOPLIST_PREPROCESS = NO;
				INSTALL_PATH = "$(HOME)/Library/Audio/Plug-Ins/Components/";
				LIBRARY_STYLE = Bundle;
				MACOSX_DEPLOYMENT_TARGET = 10.11;
				OTHER_LDFLAGS = "-bundle -lsvtFilterPlugin";
				OTHER_REZFLAGS = "-d ppc_$ppc -d i386_$i386 -d ppc64_$ppc64 -d x86_64_$x86_64 -I /System/Library/Frameworks/CoreServices.framework/Frameworks/CarbonCore.framework/Versions/A/Headers -I \"$(DEVELOPER_DIR)/Extras/CoreAudio/AudioUnits/AUPublic/AUBase\"";
				PRODUCT_BUNDLE_IDENTIFIER = com.yourcompany.svtFilterPlugin;
				PRODUCT_NAME = "svtFilterPlugin";
				USE_HEADERMAP = NO;
				WRAPPER_EXTENSION = component;
			};
			name = Debug;
		};
		ECF7799009DD65542FC65AD6 = {
			isa = XCBuildConfiguration;
			buildSettings = {
				CLANG_CXX_LANGUAGE_STANDARD = "c++14";
				CLANG_CXX_LIBRARY = "libc++";
				CLANG_LINK_OBJC_RUNTIME = NO;
				COMBINE_HIDPI_IMAGES = YES;
				CONFIGURATION_BUILD_DIR = "$(PROJECT_DIR)/build/$(CONFIGURATION)";
				DEAD_CODE_STRIPPING = YES;
				DEPLOYMENT_LOCATION = YES;
				DSTROOT = /;
				GCC_GENERATE_DEBUGGING_SYMBOLS = NO;
				GCC_OPTIMIZATION_LEVEL = 3;
				GCC_PREPROCESSOR_DEFINITIONS = (
					"_NDEBUG=1",
					"NDEBUG=1",
					"JUCER_XCODE_MAC_F6D2F4CF=1",
					"JUCE_APP_VERSION=1.0.0",
					"JUCE_APP_VERSION_HEX=0x10000",
					"JucePlugin_Build_VST=0",
					"JucePlugin_Build_VST3=0",
					"JucePlugin_Build_AU=1",
					"JucePlugin_Build_AUv3=0",
					"JucePlugin_Build_RTAS=0",
					"JucePlugin_Build_AAX=0",
					"JucePlugin_Build_Standalone=0",
					"JucePlugin_Build_Unity=0",
				);
				GCC_SYMBOLS_PRIVATE_EXTERN = YES;
				GCC_VERSION = com.apple.compilers.llvm.clang.1_0;
				GENERATE_PKGINFO_FILE = YES;
				HEADER_SEARCH_PATHS = (
					"/Users/henryneal/Downloads/JUCE/modules/juce_audio_processors/format_types/VST3_SDK",
					"../../JuceLibraryCode",
					"/Users/henryneal/Downloads/JUCE/modules",
					"/Users/henryneal/Downloads/JUCE/modules/juce_audio_plugin_client",
					"$(inherited)",
				);
				INFOPLIST_FILE = Info-AU.plist;
				INFOPLIST_PREPROCESS = NO;
				INSTALL_PATH = "$(HOME)/Library/Audio/Plug-Ins/Components/";
				LIBRARY_STYLE = Bundle;
				LLVM_LTO = YES;
				MACOSX_DEPLOYMENT_TARGET = 10.11;
				OTHER_LDFLAGS = "-bundle -lsvtFilterPlugin";
				OTHER_REZFLAGS = "-d ppc_$ppc -d i386_$i386 -d ppc64_$ppc64 -d x86_64_$x86_64 -I /System/Library/Frameworks/CoreServices.framework/Frameworks/CarbonCore.framework/Versions/A/Headers -I \"$(DEVELOPER_DIR)/Extras/CoreAudio/AudioUnits/AUPublic/AUBase\"";
				PRODUCT_BUNDLE_IDENTIFIER = com.yourcompany.svtFilterPlugin;
				PRODUCT_NAME = "svtFilterPlugin";
				USE_HEADERMAP = NO;
				WRAPPER_EXTENSION = component;
			};
			name = Release;
		};
		1515396037715756776C55A9 = {
			isa = XCBuildConfiguration;
			buildSettings = {
				CLANG_CXX_LANGUAGE_STANDARD = "c++14";
				CLANG_CXX_LIBRARY = "libc++";
				CLANG_LINK_OBJC_RUNTIME = NO;
				COMBINE_HIDPI_IMAGES = YES;
				CONFIGURATION_BUILD_DIR = "$(PROJECT_DIR)/build/$(CONFIGURATION)";
				COPY_PHASE_STRIP = NO;
				GCC_DYNAMIC_NO_PIC = NO;
				GCC_OPTIMIZATION_LEVEL = 0;
				GCC_PREPROCESSOR_DEFINITIONS = (
					"_DEBUG=1",
					"DEBUG=1",
					"JUCER_XCODE_MAC_F6D2F4CF=1",
					"JUCE_APP_VERSION=1.0.0",
					"JUCE_APP_VERSION_HEX=0x10000",
					"JucePlugin_Build_VST=0",
					"JucePlugin_Build_VST3=0",
					"JucePlugin_Build_AU=0",
					"JucePlugin_Build_AUv3=0",
					"JucePlugin_Build_RTAS=0",
					"JucePlugin_Build_AAX=0",
					"JucePlugin_Build_Standalone=1",
					"JucePlugin_Build_Unity=0",
				);
				GCC_VERSION = com.apple.compilers.llvm.clang.1_0;
				HEADER_SEARCH_PATHS = (
					"/Users/henryneal/Downloads/JUCE/modules/juce_audio_processors/format_types/VST3_SDK",
					"../../JuceLibraryCode",
					"/Users/henryneal/Downloads/JUCE/modules",
					"/Users/henryneal/Downloads/JUCE/modules/juce_audio_plugin_client",
					"$(inherited)",
				);
				INFOPLIST_FILE = Info-Standalone_Plugin.plist;
				INFOPLIST_PREPROCESS = NO;
				MACOSX_DEPLOYMENT_TARGET = 10.11;
				OTHER_LDFLAGS = "-lsvtFilterPlugin";
				PRODUCT_BUNDLE_IDENTIFIER = com.yourcompany.svtFilterPlugin;
				PRODUCT_NAME = "svtFilterPlugin";
				USE_HEADERMAP = NO;
			};
			name = Debug;
		};
		84AFF020D33835D4071EB064 = {
			isa = XCBuildConfiguration;
			buildSettings = {
				CLANG_CXX_LANGUAGE_STANDARD = "c++14";
				CLANG_CXX_LIBRARY = "libc++";
				CLANG_LINK_OBJC_RUNTIME = NO;
				COMBINE_HIDPI_IMAGES = YES;
				CONFIGURATION_BUILD_DIR = "$(PROJECT_DIR)/build/$(CONFIGURATION)";
				DEAD_CODE_STRIPPING = YES;
				GCC_GENERATE_DEBUGGING_SYMBOLS = NO;
				GCC_OPTIMIZATION_LEVEL = 3;
				GCC_PREPROCESSOR_DEFINITIONS = (
					"_NDEBUG=1",
					"NDEBUG=1",
					"JUCER_XCODE_MAC_F6D2F4CF=1",
					"JUCE_APP_VERSION=1.0.0",
					"JUCE_APP_VERSION_HEX=0x10000",
					"JucePlugin_Build_VST=0",
					"JucePlugin_Build_VST3=0",
					"JucePlugin_Build_AU=0",
					"JucePlugin_Build_AUv3=0",
					"JucePlugin_Build_RTAS=0",
					"JucePlugin_Build_AAX=0",
					"JucePlugin_Build_Standalone=1",
					"JucePlugin_Build_Unity=0",
				);
				GCC_SYMBOLS_PRIVATE_EXTERN = YES;
				GCC_VERSION = com.apple.compilers.llvm.clang.1_0;
				HEADER_SEARCH_PATHS = (
					"/Users/henryneal/Downloads/JUCE/modules/juce_audio_processors/format_types/VST3_SDK",
					"../../JuceLibraryCode",
					"/Users/henryneal/Downloads/JUCE/modules",
					"/Users/henryneal/Downloads/JUCE/modules/juce_audio_plugin_client",
					"$(inherited)",
				);
				INFOPLIST_FILE = Info-Standalone_Plugin.plist;
				INFOPLIST_PREPROCESS = NO;
				LLVM_LTO = YES;
				MACOSX_DEPLOYMENT_TARGET = 10.11;
				OTHER_LDFLAGS = "-lsvtFilterPlugin";
				PRODUCT_BUNDLE_IDENTIFIER = com.yourcompany.svtFilterPlugin;
				PRODUCT_NAME = "svtFilterPlugin";
				USE_HEADERMAP = NO;
			};
			name = Release;
		};
		9799FEC537D63ABD1FBD27A2 = {
			isa = XCBuildConfiguration;
			buildSettings = {
				CLANG_CXX_LANGUAGE_STANDARD = "c++14";
				CLANG_CXX_LIBRARY = "libc++";
				CLANG_LINK_OBJC_RUNTIME = NO;
				COMBINE_HIDPI_IMAGES = YES;
				CONFIGURATION_BUILD_DIR = "$(PROJECT_DIR)/build/$(CONFIGURATION)";
				COPY_PHASE_STRIP = NO;
				GCC_DYNAMIC_NO_PIC = NO;
				GCC_OPTIMIZATION_LEVEL = 0;
				GCC_PREPROCESSOR_DEFINITIONS = (
					"_DEBUG=1",
					"DEBUG=1",
					"JUCER_XCODE_MAC_F6D2F4CF=1",
					"JUCE_APP_VERSION=1.0.0",
					"JUCE_APP_VERSION_HEX=0x10000",
					"JucePlugin_Build_VST=0",
					"JucePlugin_Build_VST3=1",
					"JucePlugin_Build_AU=1",
					"JucePlugin_Build_AUv3=0",
					"JucePlugin_Build_RTAS=0",
					"JucePlugin_Build_AAX=0",
					"JucePlugin_Build_Standalone=1",
					"JucePlugin_Build_Unity=0",
					"JUCE_SHARED_CODE=1",
				);
				GCC_VERSION = com.apple.compilers.llvm.clang.1_0;
				HEADER_SEARCH_PATHS = (
					"/Users/henryneal/Downloads/JUCE/modules/juce_audio_processors/format_types/VST3_SDK",
					"../../JuceLibraryCode",
					"/Users/henryneal/Downloads/JUCE/modules",
					"/Users/henryneal/Downloads/JUCE/modules/juce_audio_plugin_client",
					"$(inherited)",
				);
				INSTALL_PATH = "@executable_path/../Frameworks";
				MACOSX_DEPLOYMENT_TARGET = 10.11;
				PRODUCT_BUNDLE_IDENTIFIER = com.yourcompany.svtFilterPlugin;
				PRODUCT_NAME = "svtFilterPlugin";
				SKIP_INSTALL = YES;
				USE_HEADERMAP = NO;
			};
			name = Debug;
		};
		8B432F91B5CCFFA2739851F1 = {
			isa = XCBuildConfiguration;
			buildSettings = {
				CLANG_CXX_LANGUAGE_STANDARD = "c++14";
				CLANG_CXX_LIBRARY = "libc++";
				CLANG_LINK_OBJC_RUNTIME = NO;
				COMBINE_HIDPI_IMAGES = YES;
				CONFIGURATION_BUILD_DIR = "$(PROJECT_DIR)/build/$(CONFIGURATION)";
				DEAD_CODE_STRIPPING = YES;
				GCC_GENERATE_DEBUGGING_SYMBOLS = NO;
				GCC_OPTIMIZATION_LEVEL = 3;
				GCC_PREPROCESSOR_DEFINITIONS = (
					"_NDEBUG=1",
					"NDEBUG=1",
					"JUCER_XCODE_MAC_F6D2F4CF=1",
					"JUCE_APP_VERSION=1.0.0",
					"JUCE_APP_VERSION_HEX=0x10000",
					"JucePlugin_Build_VST=0",
					"JucePlugin_Build_VST3=1",
					"JucePlugin_Build_AU=1",
					"JucePlugin_Build_AUv3=0",
					"JucePlugin_Build_RTAS=0",
					"JucePlugin_Build_AAX=0",
					"JucePlugin_Build_Standalone=1",
					"JucePlugin_Build_Unity=0",
					"JUCE_SHARED_CODE=1",
				);
				GCC_SYMBOLS_PRIVATE_EXTERN = YES;
				GCC_VERSION = com.apple.compilers.llvm.clang.1_0;
				HEADER_SEARCH_PATHS = (
					"/Users/henryneal/Downloads/JUCE/modules/juce_audio_processors/format_types/VST3_SDK",
					"../../JuceLibraryCode",
					"/Users/henryneal/Downloads/JUCE/modules",
					"/Users/henryneal/Downloads/JUCE/modules/juce_audio_plugin_client",
					"$(inherited)",
				);
				INSTALL_PATH = "@executable_path/../Frameworks";
				LLVM_LTO = YES;
				MACOSX_DEPLOYMENT_TARGET = 10.11;
				PRODUCT_BUNDLE_IDENTIFIER = com.yourcompany.svtFilterPlugin;
				PRODUCT_NAME = "svtFilterPlugin";
				SKIP_INSTALL = YES;
				USE_HEADERMAP = NO;
			};
			name = Release;
		};
		EB9DBC3695F08462BCE63F0A = {
			isa = XCBuildConfiguration;
			buildSettings = {
				ALWAYS_SEARCH_USER_PATHS = NO;
				CLANG_ENABLE_OBJC_WEAK = YES;
				CLANG_WARN_BLOCK_CAPTURE_AUTORELEASING = YES;
				CLANG_WARN_BOOL_CONVERSION = YES;
				CLANG_WARN_COMMA = YES;
				CLANG_WARN_CONSTANT_CONVERSION = YES;
				CLANG_WARN_DEPRECATED_OBJC_IMPLEMENTATIONS = YES;
				CLANG_WARN_EMPTY_BODY = YES;
				CLANG_WARN_ENUM_CONVERSION = YES;
				CLANG_WARN_INFINITE_RECURSION = YES;
				CLANG_WARN_INT_CONVERSION = YES;
				CLANG_WARN_NON_LITERAL_NULL_CONVERSION = YES;
				CLANG_WARN_OBJC_IMPLICIT_RETAIN_SELF = YES;
				CLANG_WARN_OBJC_LITERAL_CONVERSION = YES;
				CLANG_WARN_RANGE_LOOP_ANALYSIS = YES;
				CLANG_WARN_STRICT_PROTOTYPES = YES;
				CLANG_WARN_SUSPICIOUS_MOVE = YES;
				CLANG_WARN_UNREACHABLE_CODE = YES;
				CLANG_WARN__DUPLICATE_METHOD_MATCH = YES;
				DEBUG_INFORMATION_FORMAT = "dwarf";
				ENABLE_STRICT_OBJC_MSGSEND = YES;
				ENABLE_TESTABILITY = YES;
				GCC_C_LANGUAGE_STANDARD = c11;
				GCC_INLINES_ARE_PRIVATE_EXTERN = YES;
				GCC_MODEL_TUNING = G5;
				GCC_NO_COMMON_BLOCKS = YES;
				GCC_WARN_64_TO_32_BIT_CONVERSION = YES;
				GCC_WARN_ABOUT_RETURN_TYPE = YES;
				GCC_WARN_CHECK_SWITCH_STATEMENTS = YES;
				GCC_WARN_MISSING_PARENTHESES = YES;
				GCC_WARN_NON_VIRTUAL_DESTRUCTOR = YES;
				GCC_WARN_TYPECHECK_CALLS_TO_PRINTF = YES;
				GCC_WARN_UNDECLARED_SELECTOR = YES;
				GCC_WARN_UNINITIALIZED_AUTOS = YES;
				GCC_WARN_UNUSED_FUNCTION = YES;
				GCC_WARN_UNUSED_VARIABLE = YES;
				ONLY_ACTIVE_ARCH = YES;
				PRODUCT_NAME = "svtFilterPlugin";
				WARNING_CFLAGS = -Wreorder;
				ZERO_LINK = NO;
			};
			name = Debug;
		};
		D6998AFDBBDAA6B86C16DD9B = {
			isa = XCBuildConfiguration;
			buildSettings = {
				ALWAYS_SEARCH_USER_PATHS = NO;
				CLANG_ENABLE_OBJC_WEAK = YES;
				CLANG_WARN_BLOCK_CAPTURE_AUTORELEASING = YES;
				CLANG_WARN_BOOL_CONVERSION = YES;
				CLANG_WARN_COMMA = YES;
				CLANG_WARN_CONSTANT_CONVERSION = YES;
				CLANG_WARN_DEPRECATED_OBJC_IMPLEMENTATIONS = YES;
				CLANG_WARN_EMPTY_BODY = YES;
				CLANG_WARN_ENUM_CONVERSION = YES;
				CLANG_WARN_INFINITE_RECURSION = YES;
				CLANG_WARN_INT_CONVERSION = YES;
				CLANG_WARN_NON_LITERAL_NULL_CONVERSION = YES;
				CLANG_WARN_OBJC_IMPLICIT_RETAIN_SELF = YES;
				CLANG_WARN_OBJC_LITERAL_CONVERSION = YES;
				CLANG_WARN_RANGE_LOOP_ANALYSIS = YES;
				CLANG_WARN_STRICT_PROTOTYPES = YES;
				CLANG_WARN_SUSPICIOUS_MOVE = YES;
				CLANG_WARN_UNREACHABLE_CODE = YES;
				CLANG_WARN__DUPLICATE_METHOD_MATCH = YES;
				DEBUG_INFORMATION_FORMAT = "dwarf";
				ENABLE_STRICT_OBJC_MSGSEND = YES;
				GCC_C_LANGUAGE_STANDARD = c11;
				GCC_INLINES_ARE_PRIVATE_EXTERN = YES;
				GCC_MODEL_TUNING = G5;
				GCC_NO_COMMON_BLOCKS = YES;
				GCC_WARN_64_TO_32_BIT_CONVERSION = YES;
				GCC_WARN_ABOUT_RETURN_TYPE = YES;
				GCC_WARN_CHECK_SWITCH_STATEMENTS = YES;
				GCC_WARN_MISSING_PARENTHESES = YES;
				GCC_WARN_NON_VIRTUAL_DESTRUCTOR = YES;
				GCC_WARN_TYPECHECK_CALLS_TO_PRINTF = YES;
				GCC_WARN_UNDECLARED_SELECTOR = YES;
				GCC_WARN_UNINITIALIZED_AUTOS = YES;
				GCC_WARN_UNUSED_FUNCTION = YES;
				GCC_WARN_UNUSED_VARIABLE = YES;
				PRODUCT_NAME = "svtFilterPlugin";
				WARNING_CFLAGS = -Wreorder;
				ZERO_LINK = NO;
			};
			name = Release;
		};
		89086D6A013EF71D186642E0 = {
			isa = PBXTargetDependency;
			target = AC63EAE08306CA1F331D4128;
		};
		3B1B24594F2107EFD1F0237F = {
			isa = PBXTargetDependency;
			target = 2F60BB35EA3A86F9E32BD4DE;
		};
		E6F2DED05093EB0F2A6970D6 = {
			isa = PBXTargetDependency;
			target = CFA779850F1E8FD484689480;
		};
		679E7DA93AB566E50E8869CC = {
			isa = PBXTargetDependency;
			target = 0EA399DBCDEFF5079051348D;
		};
		FF53AE4C157143149B7838F0 = {
			isa = XCConfigurationList;
			buildConfigurations = (
				EB9DBC3695F08462BCE63F0A,
				D6998AFDBBDAA6B86C16DD9B,
			);
			defaultConfigurationIsVisible = 0;
			defaultConfigurationName = Debug;
		};
		5700A39E52BC16A2F27D3619 = {
			isa = XCConfigurationList;
			buildConfigurations = (
				E1FFEB11E7A78278A554406D,
				5798B4D31A098FB926C15E90,
			);
			defaultConfigurationIsVisible = 0;
			defaultConfigurationName = Debug;
		};
		1167F472DC5806EB55AE8B2A = {
			isa = PBXAggregateTarget;
			buildConfigurationList = 5700A39E52BC16A2F27D3619;
			buildPhases = ( );
			buildRules = ( );
			dependencies = (
				89086D6A013EF71D186642E0,
				3B1B24594F2107EFD1F0237F,
				E6F2DED05093EB0F2A6970D6,
				679E7DA93AB566E50E8869CC,
			);
			name = "svtFilterPlugin - All";
			productName = svtFilterPlugin;
		};
		A88CE3AFCA42E0B74D163141 = {
			isa = XCConfigurationList;
			buildConfigurations = (
				E645031A36E4752FBF149E11,
				76D79BD42727EC5033982161,
			);
			defaultConfigurationIsVisible = 0;
			defaultConfigurationName = Debug;
		};
		2157F7129C5908E3ADC8FE94 = {
			isa = PBXResourcesBuildPhase;
			buildActionMask = 2147483647;
			files = (
				13D201FCEE56912957DC5F12,
			);
			runOnlyForDeploymentPostprocessing = 0;
		};
		FC34EA42D51A2348AAA05D8D = {
			isa = PBXSourcesBuildPhase;
			buildActionMask = 2147483647;
			files = (
				C6B1BF1362F49D2C1E685013,
			);
			runOnlyForDeploymentPostprocessing = 0;
		};
		E56FFA411E9191B03A30C43A = {
			isa = PBXFrameworksBuildPhase;
			buildActionMask = 2147483647;
			files = (
				7EF5988AA0B097387247F25F,
				B96B74E916D28550EE49C0DC,
				2748C345CBFF6A24F25D7CE1,
				64E5E4BD124E66852AD8E0FF,
				8F311D43B26CEAB817E46289,
				C5468833BAF304775FC2AAD5,
				DA787A418ADF4C495E40F667,
				DDD905662934CBE9C236174C,
				7AA9FB0C0599DC98CC67EC7C,
				6E1570C76CA6E8367DE71BD8,
				07D266C14865A235A8DD0F13,
			);
			runOnlyForDeploymentPostprocessing = 0;
		};
		AC63EAE08306CA1F331D4128 = {
			isa = PBXNativeTarget;
			buildConfigurationList = A88CE3AFCA42E0B74D163141;
			buildPhases = (
				2157F7129C5908E3ADC8FE94,
				FC34EA42D51A2348AAA05D8D,
				E56FFA411E9191B03A30C43A,
			);
			buildRules = ( );
			dependencies = (
				679E7DA93AB566E50E8869CC,
			);
			name = "svtFilterPlugin - VST3";
			productName = svtFilterPlugin;
			productReference = 82938A636C1DF9D1631409F7;
			productType = "com.apple.product-type.bundle";
		};
		23F669F162C6ED869A946CA9 = {
			isa = XCConfigurationList;
			buildConfigurations = (
				BF8F365E7A50078D23C06299,
				ECF7799009DD65542FC65AD6,
			);
			defaultConfigurationIsVisible = 0;
			defaultConfigurationName = Debug;
		};
		6347F0692667FEE43FD61C64 = {
			isa = PBXResourcesBuildPhase;
			buildActionMask = 2147483647;
			files = (
				13D201FCEE56912957DC5F12,
			);
			runOnlyForDeploymentPostprocessing = 0;
		};
		C91F358B4E152756B0C0D693 = {
			isa = PBXRezBuildPhase;
			buildActionMask = 2147483647;
			files = (
				248C4DBE31E8AA7EF34F3F27,
			);
			runOnlyForDeploymentPostprocessing = 0;
		};
		FF68251181592DC5D085288F = {
			isa = PBXSourcesBuildPhase;
			buildActionMask = 2147483647;
			files = (
				47657E46218770A1575ED1A5,
				C3FAE4705C8E0CCC53E5CCA9,
			);
			runOnlyForDeploymentPostprocessing = 0;
		};
		3273B9F1D1077CD16898EDB9 = {
			isa = PBXFrameworksBuildPhase;
			buildActionMask = 2147483647;
			files = (
				7EF5988AA0B097387247F25F,
				B96B74E916D28550EE49C0DC,
				E97CE2C8F5F17F1F9C306B01,
				2748C345CBFF6A24F25D7CE1,
				64E5E4BD124E66852AD8E0FF,
				8F311D43B26CEAB817E46289,
				AB9F7B0491B2281FF4BE764F,
				C5468833BAF304775FC2AAD5,
				DA787A418ADF4C495E40F667,
				DDD905662934CBE9C236174C,
				7AA9FB0C0599DC98CC67EC7C,
				6E1570C76CA6E8367DE71BD8,
				07D266C14865A235A8DD0F13,
			);
			runOnlyForDeploymentPostprocessing = 0;
		};
		2F60BB35EA3A86F9E32BD4DE = {
			isa = PBXNativeTarget;
			buildConfigurationList = 23F669F162C6ED869A946CA9;
			buildPhases = (
				6347F0692667FEE43FD61C64,
				C91F358B4E152756B0C0D693,
				FF68251181592DC5D085288F,
				3273B9F1D1077CD16898EDB9,
			);
			buildRules = ( );
			dependencies = (
				679E7DA93AB566E50E8869CC,
			);
			name = "svtFilterPlugin - AU";
			productName = svtFilterPlugin;
			productReference = 20F9AB85B103414D988E2650;
			productType = "com.apple.product-type.bundle";
		};
		546A8A3D59F4869B62601C43 = {
			isa = XCConfigurationList;
			buildConfigurations = (
				1515396037715756776C55A9,
				84AFF020D33835D4071EB064,
			);
			defaultConfigurationIsVisible = 0;
			defaultConfigurationName = Debug;
		};
		E07635DF90384AB7061A2B32 = {
			isa = PBXResourcesBuildPhase;
			buildActionMask = 2147483647;
			files = (
				13D201FCEE56912957DC5F12,
			);
			runOnlyForDeploymentPostprocessing = 0;
		};
		2939CF97EE2370803064F549 = {
			isa = PBXSourcesBuildPhase;
			buildActionMask = 2147483647;
			files = (
				77A9EA8EC7BCEA1D58256F69,
			);
			runOnlyForDeploymentPostprocessing = 0;
		};
		8C7C4649BF105210381B50A7 = {
			isa = PBXFrameworksBuildPhase;
			buildActionMask = 2147483647;
			files = (
				7EF5988AA0B097387247F25F,
				B96B74E916D28550EE49C0DC,
				2748C345CBFF6A24F25D7CE1,
				64E5E4BD124E66852AD8E0FF,
				8F311D43B26CEAB817E46289,
				C5468833BAF304775FC2AAD5,
				DA787A418ADF4C495E40F667,
				DDD905662934CBE9C236174C,
				7AA9FB0C0599DC98CC67EC7C,
				6E1570C76CA6E8367DE71BD8,
				07D266C14865A235A8DD0F13,
			);
			runOnlyForDeploymentPostprocessing = 0;
		};
		CFA779850F1E8FD484689480 = {
			isa = PBXNativeTarget;
			buildConfigurationList = 546A8A3D59F4869B62601C43;
			buildPhases = (
				E07635DF90384AB7061A2B32,
				2939CF97EE2370803064F549,
				8C7C4649BF105210381B50A7,
			);
			buildRules = ( );
			dependencies = (
				679E7DA93AB566E50E8869CC,
			);
			name = "svtFilterPlugin - Standalone Plugin";
			productName = svtFilterPlugin;
			productReference = 32C4FFCDBEFA638D0D37F7ED;
			productType = "com.apple.product-type.application";
		};
		7C9BE90DCA2DCD75C1F947F4 = {
			isa = XCConfigurationList;
			buildConfigurations = (
				9799FEC537D63ABD1FBD27A2,
				8B432F91B5CCFFA2739851F1,
			);
			defaultConfigurationIsVisible = 0;
			defaultConfigurationName = Debug;
		};
		136BC45372AF839B4E4B9C58 = {
			isa = PBXSourcesBuildPhase;
			buildActionMask = 2147483647;
			files = (
				70E1E7BEABC9F3019BAA3781,
				082236EA17D81CD3E6B4C9BF,
				2301B0FE9DB68599E1C1E9A7,
				85D9AF0E86E474F9B512A451,
				011BDABB59233F871F82D56B,
				96EA5DED111653A0E3CB7EC7,
				0A79E3EC0D941F4F22E70D5E,
				CF4105448841163101919000,
				98C23F666063B1363467C2F8,
				485A04D48A083494718D11C7,
				368BE36BB5E9B86C09F9C6C6,
				55B7C09FBBE785637292E421,
				464DC7ED63852088A9E24D2C,
				7C77147405CC6F94671CD165,
				D19A575AF4CFAD04F7AB8293,
				2778C00BA8960CB023357E2B,
				EF44254693DD7744B64C2C61,
				DC4ECA31C49B1AC3C5C4743C,
			);
			runOnlyForDeploymentPostprocessing = 0;
		};
		0EA399DBCDEFF5079051348D = {
			isa = PBXNativeTarget;
			buildConfigurationList = 7C9BE90DCA2DCD75C1F947F4;
			buildPhases = (
				136BC45372AF839B4E4B9C58,
			);
			buildRules = ( );
			dependencies = ( );
			name = "svtFilterPlugin - Shared Code";
			productName = svtFilterPlugin;
			productReference = 34CE96196478989C9D57E11E;
			productType = "com.apple.product-type.library.static";
		};
		3D18D3D8A35E8393F6E20446 = {
			isa = PBXProject;
			buildConfigurationList = FF53AE4C157143149B7838F0;
			attributes = { LastUpgradeCheck = 0930; ORGANIZATIONNAME = ""; TargetAttributes = { 1167F472DC5806EB55AE8B2A = { SystemCapabilities = {com.apple.ApplicationGroups.iOS = { enabled = 0; }; com.apple.InAppPurchase = { enabled = 0; }; com.apple.InterAppAudio = { enabled = 0; }; com.apple.Push = { enabled = 0; }; com.apple.Sandbox = { enabled = 0; }; }; };AC63EAE08306CA1F331D4128 = { SystemCapabilities = {com.apple.ApplicationGroups.iOS = { enabled = 0; }; com.apple.InAppPurchase = { enabled = 0; }; com.apple.InterAppAudio = { enabled = 0; }; com.apple.Push = { enabled = 0; }; com.apple.Sandbox = { enabled = 0; }; }; };2F60BB35EA3A86F9E32BD4DE = { SystemCapabilities = {com.apple.ApplicationGroups.iOS = { enabled = 0; }; com.apple.InAppPurchase = { enabled = 0; }; com.apple.InterAppAudio = { enabled = 0; }; com.apple.Push = { enabled = 0; }; com.apple.Sandbox = { enabled = 0; }; }; };CFA779850F1E8FD484689480 = { SystemCapabilities = {com.apple.ApplicationGroups.iOS = { enabled = 0; }; com.apple.InAppPurchase = { enabled = 0; }; com.apple.InterAppAudio = { enabled = 0; }; com.apple.Push = { enabled = 0; }; com.apple.Sandbox = { enabled = 0; }; }; };0EA399DBCDEFF5079051348D = { SystemCapabilities = {com.apple.ApplicationGroups.iOS = { enabled = 0; }; com.apple.InAppPurchase = { enabled = 0; }; com.apple.InterAppAudio = { enabled = 0; }; com.apple.Push = { enabled = 0; }; com.apple.Sandbox = { enabled = 0; }; }; }; }; };
			compatibilityVersion = "Xcode 3.2";
			hasScannedForEncodings = 0;
			mainGroup = D938EEA6C88976BDD1807E70;
			projectDirPath = "";
			projectRoot = "";
			targets = (1167F472DC5806EB55AE8B2A, AC63EAE08306CA1F331D4128, 2F60BB35EA3A86F9E32BD4DE, CFA779850F1E8FD484689480, 0EA399DBCDEFF5079051348D);
		};
	};
	rootObject = 3D18D3D8A35E8393F6E20446;
}
